// !$*UTF8*$!
{
	archiveVersion = 1;
	classes = {
	};
	objectVersion = 56;
	objects = {

/* Begin PBXBuildFile section */
		AE3F20F12BF77FB5005CA603 /* AppDelegate.swift in Sources */ = {isa = PBXBuildFile; fileRef = AE3F20F02BF77FB5005CA603 /* AppDelegate.swift */; };
		AE3F20F32BF77FB5005CA603 /* SceneDelegate.swift in Sources */ = {isa = PBXBuildFile; fileRef = AE3F20F22BF77FB5005CA603 /* SceneDelegate.swift */; };
		AE3F20F52BF77FB5005CA603 /* PlaylistScreenViewController.swift in Sources */ = {isa = PBXBuildFile; fileRef = AE3F20F42BF77FB5005CA603 /* PlaylistScreenViewController.swift */; };
		AE3F20F82BF77FB5005CA603 /* Base in Resources */ = {isa = PBXBuildFile; fileRef = AE3F20F72BF77FB5005CA603 /* Base */; };
		AE3F20FA2BF77FB6005CA603 /* Assets.xcassets in Resources */ = {isa = PBXBuildFile; fileRef = AE3F20F92BF77FB6005CA603 /* Assets.xcassets */; };
		AE3F20FD2BF77FB6005CA603 /* Base in Resources */ = {isa = PBXBuildFile; fileRef = AE3F20FC2BF77FB6005CA603 /* Base */; };
		AE3F21092BF786E2005CA603 /* PlaylistScreenHeaderCell.swift in Sources */ = {isa = PBXBuildFile; fileRef = AE3F21072BF786E2005CA603 /* PlaylistScreenHeaderCell.swift */; };
		AE3F210A2BF786E2005CA603 /* PlaylistScreenHeaderCell.xib in Resources */ = {isa = PBXBuildFile; fileRef = AE3F21082BF786E2005CA603 /* PlaylistScreenHeaderCell.xib */; };
		AE3F210E2BF79FF5005CA603 /* PlaylistScreenBookCell.swift in Sources */ = {isa = PBXBuildFile; fileRef = AE3F210C2BF79FF5005CA603 /* PlaylistScreenBookCell.swift */; };
		AE3F210F2BF79FF5005CA603 /* PlaylistScreenBookCell.xib in Resources */ = {isa = PBXBuildFile; fileRef = AE3F210D2BF79FF5005CA603 /* PlaylistScreenBookCell.xib */; };
/* End PBXBuildFile section */

/* Begin PBXFileReference section */
		AE3F20ED2BF77FB5005CA603 /* GoodReads.app */ = {isa = PBXFileReference; explicitFileType = wrapper.application; includeInIndex = 0; path = GoodReads.app; sourceTree = BUILT_PRODUCTS_DIR; };
		AE3F20F02BF77FB5005CA603 /* AppDelegate.swift */ = {isa = PBXFileReference; lastKnownFileType = sourcecode.swift; path = AppDelegate.swift; sourceTree = "<group>"; };
		AE3F20F22BF77FB5005CA603 /* SceneDelegate.swift */ = {isa = PBXFileReference; lastKnownFileType = sourcecode.swift; path = SceneDelegate.swift; sourceTree = "<group>"; };
		AE3F20F42BF77FB5005CA603 /* PlaylistScreenViewController.swift */ = {isa = PBXFileReference; lastKnownFileType = sourcecode.swift; path = PlaylistScreenViewController.swift; sourceTree = "<group>"; };
		AE3F20F72BF77FB5005CA603 /* Base */ = {isa = PBXFileReference; lastKnownFileType = file.storyboard; name = Base; path = Base.lproj/Main.storyboard; sourceTree = "<group>"; };
		AE3F20F92BF77FB6005CA603 /* Assets.xcassets */ = {isa = PBXFileReference; lastKnownFileType = folder.assetcatalog; path = Assets.xcassets; sourceTree = "<group>"; };
		AE3F20FC2BF77FB6005CA603 /* Base */ = {isa = PBXFileReference; lastKnownFileType = file.storyboard; name = Base; path = Base.lproj/LaunchScreen.storyboard; sourceTree = "<group>"; };
		AE3F20FE2BF77FB6005CA603 /* Info.plist */ = {isa = PBXFileReference; lastKnownFileType = text.plist.xml; path = Info.plist; sourceTree = "<group>"; };
		AE3F21072BF786E2005CA603 /* PlaylistScreenHeaderCell.swift */ = {isa = PBXFileReference; lastKnownFileType = sourcecode.swift; path = PlaylistScreenHeaderCell.swift; sourceTree = "<group>"; };
		AE3F21082BF786E2005CA603 /* PlaylistScreenHeaderCell.xib */ = {isa = PBXFileReference; lastKnownFileType = file.xib; path = PlaylistScreenHeaderCell.xib; sourceTree = "<group>"; };
		AE3F210C2BF79FF5005CA603 /* PlaylistScreenBookCell.swift */ = {isa = PBXFileReference; lastKnownFileType = sourcecode.swift; path = PlaylistScreenBookCell.swift; sourceTree = "<group>"; };
		AE3F210D2BF79FF5005CA603 /* PlaylistScreenBookCell.xib */ = {isa = PBXFileReference; lastKnownFileType = file.xib; path = PlaylistScreenBookCell.xib; sourceTree = "<group>"; };
/* End PBXFileReference section */

/* Begin PBXFrameworksBuildPhase section */
		AE3F20EA2BF77FB5005CA603 /* Frameworks */ = {
			isa = PBXFrameworksBuildPhase;
			buildActionMask = 2147483647;
			files = (
			);
			runOnlyForDeploymentPostprocessing = 0;
		};
/* End PBXFrameworksBuildPhase section */

/* Begin PBXGroup section */
		AE3F20E42BF77FB5005CA603 = {
			isa = PBXGroup;
			children = (
				AE3F20EF2BF77FB5005CA603 /* GoodReads */,
				AE3F20EE2BF77FB5005CA603 /* Products */,
			);
			sourceTree = "<group>";
		};
		AE3F20EE2BF77FB5005CA603 /* Products */ = {
			isa = PBXGroup;
			children = (
				AE3F20ED2BF77FB5005CA603 /* GoodReads.app */,
			);
			name = Products;
			sourceTree = "<group>";
		};
		AE3F20EF2BF77FB5005CA603 /* GoodReads */ = {
			isa = PBXGroup;
			children = (
				AE3F21062BF78608005CA603 /* PlaylistScreenViewController */,
				AE3F20F02BF77FB5005CA603 /* AppDelegate.swift */,
				AE3F20F22BF77FB5005CA603 /* SceneDelegate.swift */,
				AE3F20F62BF77FB5005CA603 /* Main.storyboard */,
				AE3F20F92BF77FB6005CA603 /* Assets.xcassets */,
				AE3F20FB2BF77FB6005CA603 /* LaunchScreen.storyboard */,
				AE3F20FE2BF77FB6005CA603 /* Info.plist */,
			);
			path = GoodReads;
			sourceTree = "<group>";
		};
		AE3F21052BF784F1005CA603 /* PlaylistScreenHeaderCell */ = {
			isa = PBXGroup;
			children = (
				AE3F21072BF786E2005CA603 /* PlaylistScreenHeaderCell.swift */,
				AE3F21082BF786E2005CA603 /* PlaylistScreenHeaderCell.xib */,
			);
			path = PlaylistScreenHeaderCell;
			sourceTree = "<group>";
		};
		AE3F21062BF78608005CA603 /* PlaylistScreenViewController */ = {
			isa = PBXGroup;
			children = (
				AE3F21052BF784F1005CA603 /* PlaylistScreenHeaderCell */,
				AE3F210B2BF79FD0005CA603 /* PlaylistScreenBookCell */,
				AE3F20F42BF77FB5005CA603 /* PlaylistScreenViewController.swift */,
			);
			path = PlaylistScreenViewController;
			sourceTree = "<group>";
		};
		AE3F210B2BF79FD0005CA603 /* PlaylistScreenBookCell */ = {
			isa = PBXGroup;
			children = (
				AE3F210C2BF79FF5005CA603 /* PlaylistScreenBookCell.swift */,
				AE3F210D2BF79FF5005CA603 /* PlaylistScreenBookCell.xib */,
			);
			path = PlaylistScreenBookCell;
			sourceTree = "<group>";
		};
/* End PBXGroup section */

/* Begin PBXNativeTarget section */
		AE3F20EC2BF77FB5005CA603 /* GoodReads */ = {
			isa = PBXNativeTarget;
			buildConfigurationList = AE3F21012BF77FB6005CA603 /* Build configuration list for PBXNativeTarget "GoodReads" */;
			buildPhases = (
				AE3F20E92BF77FB5005CA603 /* Sources */,
				AE3F20EA2BF77FB5005CA603 /* Frameworks */,
				AE3F20EB2BF77FB5005CA603 /* Resources */,
			);
			buildRules = (
			);
			dependencies = (
			);
			name = GoodReads;
			productName = GoodReads;
			productReference = AE3F20ED2BF77FB5005CA603 /* GoodReads.app */;
			productType = "com.apple.product-type.application";
		};
/* End PBXNativeTarget section */

/* Begin PBXProject section */
		AE3F20E52BF77FB5005CA603 /* Project object */ = {
			isa = PBXProject;
			attributes = {
				BuildIndependentTargetsInParallel = 1;
				LastSwiftUpdateCheck = 1530;
				LastUpgradeCheck = 1530;
				TargetAttributes = {
					AE3F20EC2BF77FB5005CA603 = {
						CreatedOnToolsVersion = 15.3;
					};
				};
			};
			buildConfigurationList = AE3F20E82BF77FB5005CA603 /* Build configuration list for PBXProject "GoodReads" */;
			compatibilityVersion = "Xcode 14.0";
			developmentRegion = en;
			hasScannedForEncodings = 0;
			knownRegions = (
				en,
				Base,
			);
			mainGroup = AE3F20E42BF77FB5005CA603;
			productRefGroup = AE3F20EE2BF77FB5005CA603 /* Products */;
			projectDirPath = "";
			projectRoot = "";
			targets = (
				AE3F20EC2BF77FB5005CA603 /* GoodReads */,
			);
		};
/* End PBXProject section */

/* Begin PBXResourcesBuildPhase section */
		AE3F20EB2BF77FB5005CA603 /* Resources */ = {
			isa = PBXResourcesBuildPhase;
			buildActionMask = 2147483647;
			files = (
				AE3F210A2BF786E2005CA603 /* PlaylistScreenHeaderCell.xib in Resources */,
				AE3F20FA2BF77FB6005CA603 /* Assets.xcassets in Resources */,
				AE3F210F2BF79FF5005CA603 /* PlaylistScreenBookCell.xib in Resources */,
				AE3F20FD2BF77FB6005CA603 /* Base in Resources */,
				AE3F20F82BF77FB5005CA603 /* Base in Resources */,
			);
			runOnlyForDeploymentPostprocessing = 0;
		};
/* End PBXResourcesBuildPhase section */

/* Begin PBXSourcesBuildPhase section */
		AE3F20E92BF77FB5005CA603 /* Sources */ = {
			isa = PBXSourcesBuildPhase;
			buildActionMask = 2147483647;
			files = (
				AE3F21092BF786E2005CA603 /* PlaylistScreenHeaderCell.swift in Sources */,
				AE3F20F52BF77FB5005CA603 /* PlaylistScreenViewController.swift in Sources */,
				AE3F20F12BF77FB5005CA603 /* AppDelegate.swift in Sources */,
				AE3F210E2BF79FF5005CA603 /* PlaylistScreenBookCell.swift in Sources */,
				AE3F20F32BF77FB5005CA603 /* SceneDelegate.swift in Sources */,
			);
			runOnlyForDeploymentPostprocessing = 0;
		};
/* End PBXSourcesBuildPhase section */

/* Begin PBXVariantGroup section */
		AE3F20F62BF77FB5005CA603 /* Main.storyboard */ = {
			isa = PBXVariantGroup;
			children = (
				AE3F20F72BF77FB5005CA603 /* Base */,
			);
			name = Main.storyboard;
			sourceTree = "<group>";
		};
		AE3F20FB2BF77FB6005CA603 /* LaunchScreen.storyboard */ = {
			isa = PBXVariantGroup;
			children = (
				AE3F20FC2BF77FB6005CA603 /* Base */,
			);
			name = LaunchScreen.storyboard;
			sourceTree = "<group>";
		};
/* End PBXVariantGroup section */

/* Begin XCBuildConfiguration section */
		AE3F20FF2BF77FB6005CA603 /* Debug */ = {
			isa = XCBuildConfiguration;
			buildSettings = {
				ALWAYS_SEARCH_USER_PATHS = NO;
				ASSETCATALOG_COMPILER_GENERATE_SWIFT_ASSET_SYMBOL_EXTENSIONS = YES;
				CLANG_ANALYZER_NONNULL = YES;
				CLANG_ANALYZER_NUMBER_OBJECT_CONVERSION = YES_AGGRESSIVE;
				CLANG_CXX_LANGUAGE_STANDARD = "gnu++20";
				CLANG_ENABLE_MODULES = YES;
				CLANG_ENABLE_OBJC_ARC = YES;
				CLANG_ENABLE_OBJC_WEAK = YES;
				CLANG_WARN_BLOCK_CAPTURE_AUTORELEASING = YES;
				CLANG_WARN_BOOL_CONVERSION = YES;
				CLANG_WARN_COMMA = YES;
				CLANG_WARN_CONSTANT_CONVERSION = YES;
				CLANG_WARN_DEPRECATED_OBJC_IMPLEMENTATIONS = YES;
				CLANG_WARN_DIRECT_OBJC_ISA_USAGE = YES_ERROR;
				CLANG_WARN_DOCUMENTATION_COMMENTS = YES;
				CLANG_WARN_EMPTY_BODY = YES;
				CLANG_WARN_ENUM_CONVERSION = YES;
				CLANG_WARN_INFINITE_RECURSION = YES;
				CLANG_WARN_INT_CONVERSION = YES;
				CLANG_WARN_NON_LITERAL_NULL_CONVERSION = YES;
				CLANG_WARN_OBJC_IMPLICIT_RETAIN_SELF = YES;
				CLANG_WARN_OBJC_LITERAL_CONVERSION = YES;
				CLANG_WARN_OBJC_ROOT_CLASS = YES_ERROR;
				CLANG_WARN_QUOTED_INCLUDE_IN_FRAMEWORK_HEADER = YES;
				CLANG_WARN_RANGE_LOOP_ANALYSIS = YES;
				CLANG_WARN_STRICT_PROTOTYPES = YES;
				CLANG_WARN_SUSPICIOUS_MOVE = YES;
				CLANG_WARN_UNGUARDED_AVAILABILITY = YES_AGGRESSIVE;
				CLANG_WARN_UNREACHABLE_CODE = YES;
				CLANG_WARN__DUPLICATE_METHOD_MATCH = YES;
				COPY_PHASE_STRIP = NO;
				DEBUG_INFORMATION_FORMAT = dwarf;
				ENABLE_STRICT_OBJC_MSGSEND = YES;
				ENABLE_TESTABILITY = YES;
				ENABLE_USER_SCRIPT_SANDBOXING = YES;
				GCC_C_LANGUAGE_STANDARD = gnu17;
				GCC_DYNAMIC_NO_PIC = NO;
				GCC_NO_COMMON_BLOCKS = YES;
				GCC_OPTIMIZATION_LEVEL = 0;
				GCC_PREPROCESSOR_DEFINITIONS = (
					"DEBUG=1",
					"$(inherited)",
				);
				GCC_WARN_64_TO_32_BIT_CONVERSION = YES;
				GCC_WARN_ABOUT_RETURN_TYPE = YES_ERROR;
				GCC_WARN_UNDECLARED_SELECTOR = YES;
				GCC_WARN_UNINITIALIZED_AUTOS = YES_AGGRESSIVE;
				GCC_WARN_UNUSED_FUNCTION = YES;
				GCC_WARN_UNUSED_VARIABLE = YES;
				IPHONEOS_DEPLOYMENT_TARGET = 17.4;
				LOCALIZATION_PREFERS_STRING_CATALOGS = YES;
				MTL_ENABLE_DEBUG_INFO = INCLUDE_SOURCE;
				MTL_FAST_MATH = YES;
				ONLY_ACTIVE_ARCH = YES;
				SDKROOT = iphoneos;
				SWIFT_ACTIVE_COMPILATION_CONDITIONS = "DEBUG $(inherited)";
				SWIFT_OPTIMIZATION_LEVEL = "-Onone";
			};
			name = Debug;
		};
		AE3F21002BF77FB6005CA603 /* Release */ = {
			isa = XCBuildConfiguration;
			buildSettings = {
				ALWAYS_SEARCH_USER_PATHS = NO;
				ASSETCATALOG_COMPILER_GENERATE_SWIFT_ASSET_SYMBOL_EXTENSIONS = YES;
				CLANG_ANALYZER_NONNULL = YES;
				CLANG_ANALYZER_NUMBER_OBJECT_CONVERSION = YES_AGGRESSIVE;
				CLANG_CXX_LANGUAGE_STANDARD = "gnu++20";
				CLANG_ENABLE_MODULES = YES;
				CLANG_ENABLE_OBJC_ARC = YES;
				CLANG_ENABLE_OBJC_WEAK = YES;
				CLANG_WARN_BLOCK_CAPTURE_AUTORELEASING = YES;
				CLANG_WARN_BOOL_CONVERSION = YES;
				CLANG_WARN_COMMA = YES;
				CLANG_WARN_CONSTANT_CONVERSION = YES;
				CLANG_WARN_DEPRECATED_OBJC_IMPLEMENTATIONS = YES;
				CLANG_WARN_DIRECT_OBJC_ISA_USAGE = YES_ERROR;
				CLANG_WARN_DOCUMENTATION_COMMENTS = YES;
				CLANG_WARN_EMPTY_BODY = YES;
				CLANG_WARN_ENUM_CONVERSION = YES;
				CLANG_WARN_INFINITE_RECURSION = YES;
				CLANG_WARN_INT_CONVERSION = YES;
				CLANG_WARN_NON_LITERAL_NULL_CONVERSION = YES;
				CLANG_WARN_OBJC_IMPLICIT_RETAIN_SELF = YES;
				CLANG_WARN_OBJC_LITERAL_CONVERSION = YES;
				CLANG_WARN_OBJC_ROOT_CLASS = YES_ERROR;
				CLANG_WARN_QUOTED_INCLUDE_IN_FRAMEWORK_HEADER = YES;
				CLANG_WARN_RANGE_LOOP_ANALYSIS = YES;
				CLANG_WARN_STRICT_PROTOTYPES = YES;
				CLANG_WARN_SUSPICIOUS_MOVE = YES;
				CLANG_WARN_UNGUARDED_AVAILABILITY = YES_AGGRESSIVE;
				CLANG_WARN_UNREACHABLE_CODE = YES;
				CLANG_WARN__DUPLICATE_METHOD_MATCH = YES;
				COPY_PHASE_STRIP = NO;
				DEBUG_INFORMATION_FORMAT = "dwarf-with-dsym";
				ENABLE_NS_ASSERTIONS = NO;
				ENABLE_STRICT_OBJC_MSGSEND = YES;
				ENABLE_USER_SCRIPT_SANDBOXING = YES;
				GCC_C_LANGUAGE_STANDARD = gnu17;
				GCC_NO_COMMON_BLOCKS = YES;
				GCC_WARN_64_TO_32_BIT_CONVERSION = YES;
				GCC_WARN_ABOUT_RETURN_TYPE = YES_ERROR;
				GCC_WARN_UNDECLARED_SELECTOR = YES;
				GCC_WARN_UNINITIALIZED_AUTOS = YES_AGGRESSIVE;
				GCC_WARN_UNUSED_FUNCTION = YES;
				GCC_WARN_UNUSED_VARIABLE = YES;
				IPHONEOS_DEPLOYMENT_TARGET = 17.4;
				LOCALIZATION_PREFERS_STRING_CATALOGS = YES;
				MTL_ENABLE_DEBUG_INFO = NO;
				MTL_FAST_MATH = YES;
				SDKROOT = iphoneos;
				SWIFT_COMPILATION_MODE = wholemodule;
				VALIDATE_PRODUCT = YES;
			};
			name = Release;
		};
		AE3F21022BF77FB6005CA603 /* Debug */ = {
			isa = XCBuildConfiguration;
			buildSettings = {
				ASSETCATALOG_COMPILER_APPICON_NAME = AppIcon;
				ASSETCATALOG_COMPILER_GLOBAL_ACCENT_COLOR_NAME = AccentColor;
				CODE_SIGN_STYLE = Automatic;
				CURRENT_PROJECT_VERSION = 1;
				DEVELOPMENT_TEAM = J7US55UYJ3;
				GENERATE_INFOPLIST_FILE = YES;
				INFOPLIST_FILE = GoodReads/Info.plist;
				INFOPLIST_KEY_UIApplicationSupportsIndirectInputEvents = YES;
				INFOPLIST_KEY_UILaunchStoryboardName = LaunchScreen;
				INFOPLIST_KEY_UIMainStoryboardFile = Main;
				INFOPLIST_KEY_UISupportedInterfaceOrientations_iPad = "UIInterfaceOrientationPortrait UIInterfaceOrientationPortraitUpsideDown UIInterfaceOrientationLandscapeLeft UIInterfaceOrientationLandscapeRight";
				INFOPLIST_KEY_UISupportedInterfaceOrientations_iPhone = "UIInterfaceOrientationPortrait UIInterfaceOrientationLandscapeLeft UIInterfaceOrientationLandscapeRight";
				LD_RUNPATH_SEARCH_PATHS = (
					"$(inherited)",
					"@executable_path/Frameworks",
				);
				MARKETING_VERSION = 1.0;
				PRODUCT_BUNDLE_IDENTIFIER = com.piotrantkiewicz.GoodReads;
				PRODUCT_NAME = "$(TARGET_NAME)";
				SWIFT_EMIT_LOC_STRINGS = YES;
				SWIFT_VERSION = 5.0;
				TARGETED_DEVICE_FAMILY = "1,2";
			};
			name = Debug;
		};
		AE3F21032BF77FB6005CA603 /* Release */ = {
			isa = XCBuildConfiguration;
			buildSettings = {
				ASSETCATALOG_COMPILER_APPICON_NAME = AppIcon;
				ASSETCATALOG_COMPILER_GLOBAL_ACCENT_COLOR_NAME = AccentColor;
				CODE_SIGN_STYLE = Automatic;
				CURRENT_PROJECT_VERSION = 1;
				DEVELOPMENT_TEAM = J7US55UYJ3;
				GENERATE_INFOPLIST_FILE = YES;
				INFOPLIST_FILE = GoodReads/Info.plist;
				INFOPLIST_KEY_UIApplicationSupportsIndirectInputEvents = YES;
				INFOPLIST_KEY_UILaunchStoryboardName = LaunchScreen;
				INFOPLIST_KEY_UIMainStoryboardFile = Main;
				INFOPLIST_KEY_UISupportedInterfaceOrientations_iPad = "UIInterfaceOrientationPortrait UIInterfaceOrientationPortraitUpsideDown UIInterfaceOrientationLandscapeLeft UIInterfaceOrientationLandscapeRight";
				INFOPLIST_KEY_UISupportedInterfaceOrientations_iPhone = "UIInterfaceOrientationPortrait UIInterfaceOrientationLandscapeLeft UIInterfaceOrientationLandscapeRight";
				LD_RUNPATH_SEARCH_PATHS = (
					"$(inherited)",
					"@executable_path/Frameworks",
				);
				MARKETING_VERSION = 1.0;
				PRODUCT_BUNDLE_IDENTIFIER = com.piotrantkiewicz.GoodReads;
				PRODUCT_NAME = "$(TARGET_NAME)";
				SWIFT_EMIT_LOC_STRINGS = YES;
				SWIFT_VERSION = 5.0;
				TARGETED_DEVICE_FAMILY = "1,2";
			};
			name = Release;
		};
/* End XCBuildConfiguration section */

/* Begin XCConfigurationList section */
		AE3F20E82BF77FB5005CA603 /* Build configuration list for PBXProject "GoodReads" */ = {
			isa = XCConfigurationList;
			buildConfigurations = (
				AE3F20FF2BF77FB6005CA603 /* Debug */,
				AE3F21002BF77FB6005CA603 /* Release */,
			);
			defaultConfigurationIsVisible = 0;
			defaultConfigurationName = Release;
		};
		AE3F21012BF77FB6005CA603 /* Build configuration list for PBXNativeTarget "GoodReads" */ = {
			isa = XCConfigurationList;
			buildConfigurations = (
				AE3F21022BF77FB6005CA603 /* Debug */,
				AE3F21032BF77FB6005CA603 /* Release */,
			);
			defaultConfigurationIsVisible = 0;
			defaultConfigurationName = Release;
		};
/* End XCConfigurationList section */
	};
	rootObject = AE3F20E52BF77FB5005CA603 /* Project object */;
}
